{
  "nodes": {
    "flake-parts": {
      "inputs": {
        "nixpkgs-lib": [
          "nixpkgs"
        ]
      },
      "locked": {
        "lastModified": 1788450739,
        "narHash": "sha256-glZLQlzIn1fXH6PazR2iUmTo7kzzyYSshrWhLS9TqCU=",
        "owner": "hercules-ci",
        "repo": "flake-parts",
        "rev": "31729ca8cbdb4fa927b34e5f4353e6a83f39e993",
        "type": "github"
      },
      "original": {
        "owner": "hercules-ci",
        "repo": "flake-parts",
        "type": "github"
      }
    },
    "nixpkgs": {
      "locked": {
        "lastModified": 1789785513,
        "narHash": "sha256-B44WL6h0XoLjJ41bUPJk0X5SDinLCII//6EcBLXKiJ0=",
        "owner": "nixos",
        "repo": "nixpkgs",
        "rev": "20b1ddd1aa5ace70c9468305030aa4f9ef79671b",
        "type": "github"
      },
      "original": {
        "owner": "nixos",
        "ref": "nixos-unstable",
        "repo": "nixpkgs",
        "type": "github"
      }
    },
    "pulumi-provider-git": {
      "inputs": {
        "flake-parts": [
          "flake-parts"
        ],
        "nixpkgs": [
          "nixpkgs"
        ],
        "pulumi2nix": "pulumi2nix",
        "sops-nix": "sops-nix",
        "systems": [
          "systems"
        ],
        "treefmt-nix": [
          "treefmt-nix"
        ]
      },
      "locked": {
        "lastModified": 1787538774,
        "narHash": "sha256-gLkcvYV//4wj2bsX7OIbDYWZmonX/Es1c+ZQOxg6j1g=",
        "owner": "UnstoppableMango",
        "repo": "pulumi-provider-git",
        "rev": "f09f7ee4322334490fe78fb18f745df1795a3757",
        "type": "github"
      },
      "original": {
        "owner": "UnstoppableMango",
        "repo": "pulumi-provider-git",
        "type": "github"
      }
    },
    "pulumi2nix": {
      "inputs": {
        "flake-parts": [
          "flake-parts"
        ],
        "nixpkgs": [
          "pulumi-provider-git",
          "nixpkgs"
        ],
        "systems": [
          "systems"
        ],
        "treefmt-nix": [
          "treefmt-nix"
        ]
      },
      "locked": {
        "lastModified": 1787523577,
        "narHash": "sha256-cswzKVk9S6iheefYpG/UpJTWAF8/SwHkO49xTCJ87dM=",
        "owner": "UnstoppableMango",
        "repo": "pulumi2nix",
        "rev": "93f5d5b5c8da3ccfd4f0fcab6aa6fde7a622bb8b",
        "type": "github"
      },
      "original": {
        "owner": "UnstoppableMango",
        "repo": "pulumi2nix",
        "type": "github"
      }
    },
    "pulumi2nix_2": {
      "inputs": {
        "flake-parts": [
          "flake-parts"
        ],
        "nixpkgs": [
          "pulumipkgs",
          "nixpkgs"
        ],
        "systems": [
          "systems"
        ],
        "treefmt-nix": [
          "treefmt-nix"
        ]
      },
      "locked": {
        "lastModified": 1789799360,
        "narHash": "sha256-PJoYkxjmaLYYncWJM//pNR1/FOk73GZyYO71HQziYAE=",
        "owner": "UnstoppableMango",
        "repo": "pulumi2nix",
        "rev": "dc68549310a2a72e03b9bbf1c7525684b1052e0b",
        "type": "github"
      },
      "original": {
        "owner": "UnstoppableMango",
        "repo": "pulumi2nix",
        "type": "github"
      }
    },
    "pulumipkgs": {
      "inputs": {
        "flake-parts": [
          "flake-parts"
        ],
        "nixpkgs": [
          "nixpkgs"
        ],
        "pulumi2nix": "pulumi2nix_2",
        "systems": [
          "systems"
        ],
        "treefmt-nix": [
          "treefmt-nix"
        ]
      },
      "locked": {
        "lastModified": 1789928756,
        "narHash": "sha256-Qo76hdtj/eQX57Atal4W5cYzQKOCHpb+q+BQNJGqpMk=",
        "owner": "unmango",
        "repo": "pulumipkgs",
        "rev": "8041d5053d9ddd23e3d1c0e85d18f41ff3037981",
        "type": "github"
      },
      "original": {
        "owner": "unmango",
        "repo": "pulumipkgs",
        "type": "github"
      }
    },
    "root": {
      "inputs": {
        "flake-parts": "flake-parts",
        "nixpkgs": "nixpkgs",
        "pulumi-provider-git": "pulumi-provider-git",
        "pulumipkgs": "pulumipkgs",
        "systems": "systems",
        "treefmt-nix": "treefmt-nix"
      }
    },
    "sops-nix": {
      "inputs": {
        "nixpkgs": [
          "pulumi-provider-git",
          "nixpkgs"
        ]
      },
      "locked": {
        "lastModified": 1786629091,
        "narHash": "sha256-gkig4nPi1CWc4Z50GBsjE4ygSE7hMpl/TwID2an2Cck=",
        "owner": "Mic92",
        "repo": "sops-nix",
        "rev": "a8627b21b9107c5711c96b84f32a9a4b3d45295f",
        "type": "github"
      },
      "original": {
        "owner": "Mic92",
        "repo": "sops-nix",
        "type": "github"
      }
    },
    "systems": {
      "locked": {
        "lastModified": 1789010989,
        "narHash": "sha256-irfHSRNJFce/bqbVtioyeZHhYeCPNitpdTL2ljyHVSk=",
        "owner": "UnstoppableMango",
        "repo": "nix-systems",
        "rev": "65a92fc9e5f34414623b90dd0f795d9c2ddf4c40",
        "type": "github"
      },
      "original": {
        "owner": "UnstoppableMango",
        "repo": "nix-systems",
        "type": "github"
      }
    },
    "treefmt-nix": {
      "inputs": {
        "nixpkgs": [
          "nixpkgs"
        ]
      },
      "locked": {
        "lastModified": 1786901030,
        "narHash": "sha256-WSFCsDSE5ffgD2MqzkM2CYjeFiKhRF/dJUN8uedb6YE=",
        "owner": "numtide",
        "repo": "treefmt-nix",
        "rev": "27b3b12a8e6375f28ebe122f07d230ca5459bbfa",
        "type": "github"
      },
      "original": {
        "owner": "numtide",
        "repo": "treefmt-nix",
        "type": "github"
      }
    }
  },
  "root": "root",
  "version": 7
}
