{
  "nodes": {
    "flake-parts": {
      "inputs": {
        "nixpkgs-lib": [
          "nixpkgs"
        ]
      },
      "locked": {
        "lastModified": 1788450739,
        "narHash": "sha256-glZLQlzIn1fXH6PazR2iUmTo7kzzyYSshrWhLS9TqCU=",
        "owner": "hercules-ci",
        "repo": "flake-parts",
        "rev": "31729ca8cbdb4fa927b34e5f4353e6a83f39e993",
        "type": "github"
      },
      "original": {
        "owner": "hercules-ci",
        "repo": "flake-parts",
        "type": "github"
      }
    },
    "nixpkgs": {
      "locked": {
        "lastModified": 1788881743,
        "narHash": "sha256-2V9GZGvPfrNzxFozhI9dcqV+c3QdA8YZrvAAzqEB+dI=",
        "owner": "nixos",
        "repo": "nixpkgs",
        "rev": "d6524aaca2ff07876657ae2b323f24be4874944b",
        "type": "github"
      },
      "original": {
        "owner": "nixos",
        "ref": "nixos-unstable",
        "repo": "nixpkgs",
        "type": "github"
      }
    },
    "pulumi-provider-git": {
      "inputs": {
        "flake-parts": [
          "flake-parts"
        ],
        "nixpkgs": [
          "nixpkgs"
        ],
        "pulumi2nix": "pulumi2nix",
        "sops-nix": "sops-nix",
        "systems": [
          "systems"
        ],
        "treefmt-nix": [
          "treefmt-nix"
        ]
      },
      "locked": {
        "lastModified": 1787538774,
        "narHash": "sha256-gLkcvYV//4wj2bsX7OIbDYWZmonX/Es1c+ZQOxg6j1g=",
        "owner": "UnstoppableMango",
        "repo": "pulumi-provider-git",
        "rev": "f09f7ee4322334490fe78fb18f745df1795a3757",
        "type": "github"
      },
      "original": {
        "owner": "UnstoppableMango",
        "repo": "pulumi-provider-git",
        "type": "github"
      }
    },
    "pulumi2nix": {
      "inputs": {
        "flake-parts": [
          "flake-parts"
        ],
        "nixpkgs": [
          "pulumi-provider-git",
          "nixpkgs"
        ],
        "systems": [
          "systems"
        ],
        "treefmt-nix": [
          "treefmt-nix"
        ]
      },
      "locked": {
        "lastModified": 1787523577,
        "narHash": "sha256-cswzKVk9S6iheefYpG/UpJTWAF8/SwHkO49xTCJ87dM=",
        "owner": "UnstoppableMango",
        "repo": "pulumi2nix",
        "rev": "93f5d5b5c8da3ccfd4f0fcab6aa6fde7a622bb8b",
        "type": "github"
      },
      "original": {
        "owner": "UnstoppableMango",
        "repo": "pulumi2nix",
        "type": "github"
      }
    },
    "pulumi2nix_2": {
      "inputs": {
        "flake-parts": [
          "flake-parts"
        ],
        "nixpkgs": [
          "pulumipkgs",
          "nixpkgs"
        ],
        "systems": [
          "systems"
        ],
        "treefmt-nix": [
          "treefmt-nix"
        ]
      },
      "locked": {
        "lastModified": 1787597684,
        "narHash": "sha256-pbr/s3/JzLLI2lDI8tueABsWl6TE5Fe/aHye4cYjrBY=",
        "owner": "UnstoppableMango",
        "repo": "pulumi2nix",
        "rev": "f30295373306f79a00c35327a9f4cacc2a1cf557",
        "type": "github"
      },
      "original": {
        "owner": "UnstoppableMango",
        "repo": "pulumi2nix",
        "type": "github"
      }
    },
    "pulumipkgs": {
      "inputs": {
        "flake-parts": [
          "flake-parts"
        ],
        "nixpkgs": [
          "nixpkgs"
        ],
        "pulumi2nix": "pulumi2nix_2",
        "systems": [
          "systems"
        ],
        "treefmt-nix": [
          "treefmt-nix"
        ]
      },
      "locked": {
        "lastModified": 1788885174,
        "narHash": "sha256-fvc2aJ0R7H9VQyjsgSskNtD89sNLYduNEheaYmbYGdw=",
        "owner": "unmango",
        "repo": "pulumipkgs",
        "rev": "c101c0666005ed0656d4f6d87ab20d2c92c40e3e",
        "type": "github"
      },
      "original": {
        "owner": "unmango",
        "repo": "pulumipkgs",
        "type": "github"
      }
    },
    "root": {
      "inputs": {
        "flake-parts": "flake-parts",
        "nixpkgs": "nixpkgs",
        "pulumi-provider-git": "pulumi-provider-git",
        "pulumipkgs": "pulumipkgs",
        "systems": "systems",
        "treefmt-nix": "treefmt-nix"
      }
    },
    "sops-nix": {
      "inputs": {
        "nixpkgs": [
          "pulumi-provider-git",
          "nixpkgs"
        ]
      },
      "locked": {
        "lastModified": 1786629091,
        "narHash": "sha256-gkig4nPi1CWc4Z50GBsjE4ygSE7hMpl/TwID2an2Cck=",
        "owner": "Mic92",
        "repo": "sops-nix",
        "rev": "a8627b21b9107c5711c96b84f32a9a4b3d45295f",
        "type": "github"
      },
      "original": {
        "owner": "Mic92",
        "repo": "sops-nix",
        "type": "github"
      }
    },
    "systems": {
      "locked": {
        "lastModified": 1789010989,
        "narHash": "sha256-irfHSRNJFce/bqbVtioyeZHhYeCPNitpdTL2ljyHVSk=",
        "owner": "UnstoppableMango",
        "repo": "nix-systems",
        "rev": "65a92fc9e5f34414623b90dd0f795d9c2ddf4c40",
        "type": "github"
      },
      "original": {
        "owner": "UnstoppableMango",
        "repo": "nix-systems",
        "type": "github"
      }
    },
    "treefmt-nix": {
      "inputs": {
        "nixpkgs": [
          "nixpkgs"
        ]
      },
      "locked": {
        "lastModified": 1786901030,
        "narHash": "sha256-WSFCsDSE5ffgD2MqzkM2CYjeFiKhRF/dJUN8uedb6YE=",
        "owner": "numtide",
        "repo": "treefmt-nix",
        "rev": "27b3b12a8e6375f28ebe122f07d230ca5459bbfa",
        "type": "github"
      },
      "original": {
        "owner": "numtide",
        "repo": "treefmt-nix",
        "type": "github"
      }
    }
  },
  "root": "root",
  "version": 7
}
